// !$*UTF8*$!
{
	archiveVersion = 1;
	classes = {
	};
	objectVersion = 50;
	objects = {

/* Begin PBXBuildFile section */
		AD47449C2419663400717E77 /* BluetoothTableViewController.swift in Sources */ = {isa = PBXBuildFile; fileRef = AD47449B2419663400717E77 /* BluetoothTableViewController.swift */; };
		AD47449E241968D900717E77 /* Date+strings.swift in Sources */ = {isa = PBXBuildFile; fileRef = AD47449D241968D900717E77 /* Date+strings.swift */; };
		ADD969512413B13F00F08295 /* ApiManager.swift in Sources */ = {isa = PBXBuildFile; fileRef = ADD969502413B13F00F08295 /* ApiManager.swift */; };
		ADD969532413B5F900F08295 /* DeviceInfoManager.swift in Sources */ = {isa = PBXBuildFile; fileRef = ADD969522413B5F900F08295 /* DeviceInfoManager.swift */; };
		C80170582405D19F002FC397 /* MainViewController.swift in Sources */ = {isa = PBXBuildFile; fileRef = C80170572405D19F002FC397 /* MainViewController.swift */; };
		C81BA5D0240D969C00CFFA6F /* LocationManager.swift in Sources */ = {isa = PBXBuildFile; fileRef = C81BA5CF240D969C00CFFA6F /* LocationManager.swift */; };
		C842066F240BB23E00B8B45B /* Models.xcdatamodeld in Sources */ = {isa = PBXBuildFile; fileRef = C8A32570240A759300FF1620 /* Models.xcdatamodeld */; };
		C84DAEDF241990C30043A1E4 /* BackgroundManager.swift in Sources */ = {isa = PBXBuildFile; fileRef = C84DAEDE241990C30043A1E4 /* BackgroundManager.swift */; };
		C88D06A7240715080005E029 /* HelpMoreViewController.swift in Sources */ = {isa = PBXBuildFile; fileRef = C88D06A6240715080005E029 /* HelpMoreViewController.swift */; };
		C8A32574240A767C00FF1620 /* StorageManager.swift in Sources */ = {isa = PBXBuildFile; fileRef = C8A32573240A767C00FF1620 /* StorageManager.swift */; };
		C8A32576240A76F600FF1620 /* IBeaconDto.swift in Sources */ = {isa = PBXBuildFile; fileRef = C8A32575240A76F600FF1620 /* IBeaconDto.swift */; };
		C8A892E7240864E4007EA317 /* BluetoothOffViewController.swift in Sources */ = {isa = PBXBuildFile; fileRef = C8A892E6240864E4007EA317 /* BluetoothOffViewController.swift */; };
		C8A892EA240866CC007EA317 /* BluetoothManager.swift in Sources */ = {isa = PBXBuildFile; fileRef = C8A892E9240866CC007EA317 /* BluetoothManager.swift */; };
		C8A892EC24086AC8007EA317 /* AlertManager.swift in Sources */ = {isa = PBXBuildFile; fileRef = C8A892EB24086AC8007EA317 /* AlertManager.swift */; };
		C8A892EE24087226007EA317 /* Costants.swift in Sources */ = {isa = PBXBuildFile; fileRef = C8A892ED24087226007EA317 /* Costants.swift */; };
		C8B188D72402B14400CFEE98 /* AppDelegate.swift in Sources */ = {isa = PBXBuildFile; fileRef = C8B188D62402B14400CFEE98 /* AppDelegate.swift */; };
		C8B188D92402B14400CFEE98 /* ViewController.swift in Sources */ = {isa = PBXBuildFile; fileRef = C8B188D82402B14400CFEE98 /* ViewController.swift */; };
		C8B188DC2402B14400CFEE98 /* Main.storyboard in Resources */ = {isa = PBXBuildFile; fileRef = C8B188DA2402B14400CFEE98 /* Main.storyboard */; };
		C8B188DE2402B14600CFEE98 /* Assets.xcassets in Resources */ = {isa = PBXBuildFile; fileRef = C8B188DD2402B14600CFEE98 /* Assets.xcassets */; };
		C8B188E12402B14600CFEE98 /* LaunchScreen.storyboard in Resources */ = {isa = PBXBuildFile; fileRef = C8B188DF2402B14600CFEE98 /* LaunchScreen.storyboard */; };
		C8B2CF42240D9BAF005248B8 /* LocationViewController.swift in Sources */ = {isa = PBXBuildFile; fileRef = C8B2CF41240D9BAF005248B8 /* LocationViewController.swift */; };
		C8B861E9240ABD0600B35CF2 /* Utils.swift in Sources */ = {isa = PBXBuildFile; fileRef = C8B861E8240ABD0600B35CF2 /* Utils.swift */; };
		C8C72E53241062210023797E /* CoreManager.swift in Sources */ = {isa = PBXBuildFile; fileRef = C8C72E52241062210023797E /* CoreManager.swift */; };
		C8D61A24240C575800895DA9 /* IBeaconManager.swift in Sources */ = {isa = PBXBuildFile; fileRef = C8D61A23240C575800895DA9 /* IBeaconManager.swift */; };
/* End PBXBuildFile section */

/* Begin PBXFileReference section */
		AD47449B2419663400717E77 /* BluetoothTableViewController.swift */ = {isa = PBXFileReference; lastKnownFileType = sourcecode.swift; path = BluetoothTableViewController.swift; sourceTree = "<group>"; };
		AD47449D241968D900717E77 /* Date+strings.swift */ = {isa = PBXFileReference; lastKnownFileType = sourcecode.swift; path = "Date+strings.swift"; sourceTree = "<group>"; };
		ADD969502413B13F00F08295 /* ApiManager.swift */ = {isa = PBXFileReference; lastKnownFileType = sourcecode.swift; path = ApiManager.swift; sourceTree = "<group>"; };
		ADD969522413B5F900F08295 /* DeviceInfoManager.swift */ = {isa = PBXFileReference; lastKnownFileType = sourcecode.swift; path = DeviceInfoManager.swift; sourceTree = "<group>"; };
		C80170572405D19F002FC397 /* MainViewController.swift */ = {isa = PBXFileReference; lastKnownFileType = sourcecode.swift; path = MainViewController.swift; sourceTree = "<group>"; };
		C81BA5CF240D969C00CFFA6F /* LocationManager.swift */ = {isa = PBXFileReference; lastKnownFileType = sourcecode.swift; path = LocationManager.swift; sourceTree = "<group>"; };
		C84DAEDE241990C30043A1E4 /* BackgroundManager.swift */ = {isa = PBXFileReference; lastKnownFileType = sourcecode.swift; path = BackgroundManager.swift; sourceTree = "<group>"; };
		C88D06A6240715080005E029 /* HelpMoreViewController.swift */ = {isa = PBXFileReference; lastKnownFileType = sourcecode.swift; path = HelpMoreViewController.swift; sourceTree = "<group>"; };
		C8A32571240A759300FF1620 /* Models.xcdatamodel */ = {isa = PBXFileReference; lastKnownFileType = wrapper.xcdatamodel; path = Models.xcdatamodel; sourceTree = "<group>"; };
		C8A32573240A767C00FF1620 /* StorageManager.swift */ = {isa = PBXFileReference; lastKnownFileType = sourcecode.swift; path = StorageManager.swift; sourceTree = "<group>"; };
		C8A32575240A76F600FF1620 /* IBeaconDto.swift */ = {isa = PBXFileReference; lastKnownFileType = sourcecode.swift; path = IBeaconDto.swift; sourceTree = "<group>"; };
		C8A892E6240864E4007EA317 /* BluetoothOffViewController.swift */ = {isa = PBXFileReference; lastKnownFileType = sourcecode.swift; path = BluetoothOffViewController.swift; sourceTree = "<group>"; };
		C8A892E9240866CC007EA317 /* BluetoothManager.swift */ = {isa = PBXFileReference; lastKnownFileType = sourcecode.swift; path = BluetoothManager.swift; sourceTree = "<group>"; };
		C8A892EB24086AC8007EA317 /* AlertManager.swift */ = {isa = PBXFileReference; lastKnownFileType = sourcecode.swift; path = AlertManager.swift; sourceTree = "<group>"; };
		C8A892ED24087226007EA317 /* Costants.swift */ = {isa = PBXFileReference; lastKnownFileType = sourcecode.swift; path = Costants.swift; sourceTree = "<group>"; };
		C8B188D32402B14400CFEE98 /* Coronavirus Herd Immunity.app */ = {isa = PBXFileReference; explicitFileType = wrapper.application; includeInIndex = 0; path = "Coronavirus Herd Immunity.app"; sourceTree = BUILT_PRODUCTS_DIR; };
		C8B188D62402B14400CFEE98 /* AppDelegate.swift */ = {isa = PBXFileReference; lastKnownFileType = sourcecode.swift; path = AppDelegate.swift; sourceTree = "<group>"; };
		C8B188D82402B14400CFEE98 /* ViewController.swift */ = {isa = PBXFileReference; lastKnownFileType = sourcecode.swift; path = ViewController.swift; sourceTree = "<group>"; };
		C8B188DB2402B14400CFEE98 /* Base */ = {isa = PBXFileReference; lastKnownFileType = file.storyboard; name = Base; path = Base.lproj/Main.storyboard; sourceTree = "<group>"; };
		C8B188DD2402B14600CFEE98 /* Assets.xcassets */ = {isa = PBXFileReference; lastKnownFileType = folder.assetcatalog; path = Assets.xcassets; sourceTree = "<group>"; };
		C8B188E02402B14600CFEE98 /* Base */ = {isa = PBXFileReference; lastKnownFileType = file.storyboard; name = Base; path = Base.lproj/LaunchScreen.storyboard; sourceTree = "<group>"; };
		C8B188E22402B14600CFEE98 /* Info.plist */ = {isa = PBXFileReference; lastKnownFileType = text.plist.xml; path = Info.plist; sourceTree = "<group>"; };
		C8B2CF41240D9BAF005248B8 /* LocationViewController.swift */ = {isa = PBXFileReference; lastKnownFileType = sourcecode.swift; path = LocationViewController.swift; sourceTree = "<group>"; };
		C8B861E8240ABD0600B35CF2 /* Utils.swift */ = {isa = PBXFileReference; lastKnownFileType = sourcecode.swift; path = Utils.swift; sourceTree = "<group>"; };
		C8B861EA240ABD9C00B35CF2 /* MyPlayground.playground */ = {isa = PBXFileReference; lastKnownFileType = file.playground; path = MyPlayground.playground; sourceTree = "<group>"; xcLanguageSpecificationIdentifier = xcode.lang.swift; };
		C8C72E52241062210023797E /* CoreManager.swift */ = {isa = PBXFileReference; lastKnownFileType = sourcecode.swift; path = CoreManager.swift; sourceTree = "<group>"; };
		C8D61A23240C575800895DA9 /* IBeaconManager.swift */ = {isa = PBXFileReference; lastKnownFileType = sourcecode.swift; path = IBeaconManager.swift; sourceTree = "<group>"; };
/* End PBXFileReference section */

/* Begin PBXFrameworksBuildPhase section */
		C8B188D02402B14400CFEE98 /* Frameworks */ = {
			isa = PBXFrameworksBuildPhase;
			buildActionMask = 2147483647;
			files = (
			);
			runOnlyForDeploymentPostprocessing = 0;
		};
/* End PBXFrameworksBuildPhase section */

/* Begin PBXGroup section */
		C8A892E8240866A7007EA317 /* Utils */ = {
			isa = PBXGroup;
			children = (
				C8A892EB24086AC8007EA317 /* AlertManager.swift */,
				C8A892E9240866CC007EA317 /* BluetoothManager.swift */,
				ADD969502413B13F00F08295 /* ApiManager.swift */,
				ADD969522413B5F900F08295 /* DeviceInfoManager.swift */,
				C8C72E52241062210023797E /* CoreManager.swift */,
				C8A892ED24087226007EA317 /* Costants.swift */,
				C8D61A23240C575800895DA9 /* IBeaconManager.swift */,
				C81BA5CF240D969C00CFFA6F /* LocationManager.swift */,
				C8A32575240A76F600FF1620 /* IBeaconDto.swift */,
				C8A32573240A767C00FF1620 /* StorageManager.swift */,
				C8B861E8240ABD0600B35CF2 /* Utils.swift */,
				AD47449D241968D900717E77 /* Date+strings.swift */,
				C84DAEDE241990C30043A1E4 /* BackgroundManager.swift */,
			);
			path = Utils;
			sourceTree = "<group>";
		};
		C8B188CA2402B14400CFEE98 = {
			isa = PBXGroup;
			children = (
				C8B188D52402B14400CFEE98 /* Coronavirus Herd Immunity */,
				C8B188D42402B14400CFEE98 /* Products */,
			);
			sourceTree = "<group>";
		};
		C8B188D42402B14400CFEE98 /* Products */ = {
			isa = PBXGroup;
			children = (
				C8B188D32402B14400CFEE98 /* Coronavirus Herd Immunity.app */,
			);
			name = Products;
			sourceTree = "<group>";
		};
		C8B188D52402B14400CFEE98 /* Coronavirus Herd Immunity */ = {
			isa = PBXGroup;
			children = (
				C8A892E8240866A7007EA317 /* Utils */,
				C8B188D62402B14400CFEE98 /* AppDelegate.swift */,
				C8A892E6240864E4007EA317 /* BluetoothOffViewController.swift */,
				C88D06A6240715080005E029 /* HelpMoreViewController.swift */,
				C8B2CF41240D9BAF005248B8 /* LocationViewController.swift */,
				C80170572405D19F002FC397 /* MainViewController.swift */,
				C8B188D82402B14400CFEE98 /* ViewController.swift */,
				C8B188DA2402B14400CFEE98 /* Main.storyboard */,
				AD47449B2419663400717E77 /* BluetoothTableViewController.swift */,
				C8A32570240A759300FF1620 /* Models.xcdatamodeld */,
				C8B188DD2402B14600CFEE98 /* Assets.xcassets */,
				C8B188DF2402B14600CFEE98 /* LaunchScreen.storyboard */,
				C8B188E22402B14600CFEE98 /* Info.plist */,
				C8B861EA240ABD9C00B35CF2 /* MyPlayground.playground */,
			);
			path = "Coronavirus Herd Immunity";
			sourceTree = "<group>";
		};
/* End PBXGroup section */

/* Begin PBXNativeTarget section */
		C8B188D22402B14400CFEE98 /* Coronavirus Herd Immunity */ = {
			isa = PBXNativeTarget;
			buildConfigurationList = C8B188E52402B14600CFEE98 /* Build configuration list for PBXNativeTarget "Coronavirus Herd Immunity" */;
			buildPhases = (
				C8B188CF2402B14400CFEE98 /* Sources */,
				C8B188D02402B14400CFEE98 /* Frameworks */,
				C8B188D12402B14400CFEE98 /* Resources */,
			);
			buildRules = (
			);
			dependencies = (
			);
			name = "Coronavirus Herd Immunity";
			productName = "Coronavirus Herd Immunity";
			productReference = C8B188D32402B14400CFEE98 /* Coronavirus Herd Immunity.app */;
			productType = "com.apple.product-type.application";
		};
/* End PBXNativeTarget section */

/* Begin PBXProject section */
		C8B188CB2402B14400CFEE98 /* Project object */ = {
			isa = PBXProject;
			attributes = {
				LastSwiftUpdateCheck = 1010;
				LastUpgradeCheck = 1010;
				ORGANIZATIONNAME = "Coronavirus-Herd-Immunity";
				TargetAttributes = {
					C8B188D22402B14400CFEE98 = {
						CreatedOnToolsVersion = 10.1;
					};
				};
			};
			buildConfigurationList = C8B188CE2402B14400CFEE98 /* Build configuration list for PBXProject "Coronavirus Herd Immunity" */;
			compatibilityVersion = "Xcode 9.3";
			developmentRegion = en;
			hasScannedForEncodings = 0;
			knownRegions = (
				en,
				Base,
			);
			mainGroup = C8B188CA2402B14400CFEE98;
			productRefGroup = C8B188D42402B14400CFEE98 /* Products */;
			projectDirPath = "";
			projectRoot = "";
			targets = (
				C8B188D22402B14400CFEE98 /* Coronavirus Herd Immunity */,
			);
		};
/* End PBXProject section */

/* Begin PBXResourcesBuildPhase section */
		C8B188D12402B14400CFEE98 /* Resources */ = {
			isa = PBXResourcesBuildPhase;
			buildActionMask = 2147483647;
			files = (
				C8B188E12402B14600CFEE98 /* LaunchScreen.storyboard in Resources */,
				C8B188DE2402B14600CFEE98 /* Assets.xcassets in Resources */,
				C8B188DC2402B14400CFEE98 /* Main.storyboard in Resources */,
			);
			runOnlyForDeploymentPostprocessing = 0;
		};
/* End PBXResourcesBuildPhase section */

/* Begin PBXSourcesBuildPhase section */
		C8B188CF2402B14400CFEE98 /* Sources */ = {
			isa = PBXSourcesBuildPhase;
			buildActionMask = 2147483647;
			files = (
				AD47449E241968D900717E77 /* Date+strings.swift in Sources */,
				C8C72E53241062210023797E /* CoreManager.swift in Sources */,
				C8A892EC24086AC8007EA317 /* AlertManager.swift in Sources */,
				C80170582405D19F002FC397 /* MainViewController.swift in Sources */,
				AD47449C2419663400717E77 /* BluetoothTableViewController.swift in Sources */,
				C81BA5D0240D969C00CFFA6F /* LocationManager.swift in Sources */,
				C8B861E9240ABD0600B35CF2 /* Utils.swift in Sources */,
				C8A32574240A767C00FF1620 /* StorageManager.swift in Sources */,
				C8D61A24240C575800895DA9 /* IBeaconManager.swift in Sources */,
				ADD969532413B5F900F08295 /* DeviceInfoManager.swift in Sources */,
				C8B188D92402B14400CFEE98 /* ViewController.swift in Sources */,
				C8A32576240A76F600FF1620 /* IBeaconDto.swift in Sources */,
				C8A892E7240864E4007EA317 /* BluetoothOffViewController.swift in Sources */,
				C8A892EA240866CC007EA317 /* BluetoothManager.swift in Sources */,
				C8B188D72402B14400CFEE98 /* AppDelegate.swift in Sources */,
				C84DAEDF241990C30043A1E4 /* BackgroundManager.swift in Sources */,
				C842066F240BB23E00B8B45B /* Models.xcdatamodeld in Sources */,
				C8A892EE24087226007EA317 /* Costants.swift in Sources */,
				ADD969512413B13F00F08295 /* ApiManager.swift in Sources */,
				C88D06A7240715080005E029 /* HelpMoreViewController.swift in Sources */,
				C8B2CF42240D9BAF005248B8 /* LocationViewController.swift in Sources */,
			);
			runOnlyForDeploymentPostprocessing = 0;
		};
/* End PBXSourcesBuildPhase section */

/* Begin PBXVariantGroup section */
		C8B188DA2402B14400CFEE98 /* Main.storyboard */ = {
			isa = PBXVariantGroup;
			children = (
				C8B188DB2402B14400CFEE98 /* Base */,
			);
			name = Main.storyboard;
			sourceTree = "<group>";
		};
		C8B188DF2402B14600CFEE98 /* LaunchScreen.storyboard */ = {
			isa = PBXVariantGroup;
			children = (
				C8B188E02402B14600CFEE98 /* Base */,
			);
			name = LaunchScreen.storyboard;
			sourceTree = "<group>";
		};
/* End PBXVariantGroup section */

/* Begin XCBuildConfiguration section */
		C8B188E32402B14600CFEE98 /* Debug */ = {
			isa = XCBuildConfiguration;
			buildSettings = {
				ALWAYS_SEARCH_USER_PATHS = NO;
				CLANG_ANALYZER_LOCALIZABILITY_NONLOCALIZED = YES;
				CLANG_ANALYZER_NONNULL = YES;
				CLANG_ANALYZER_NUMBER_OBJECT_CONVERSION = YES_AGGRESSIVE;
				CLANG_CXX_LANGUAGE_STANDARD = "gnu++14";
				CLANG_CXX_LIBRARY = "libc++";
				CLANG_ENABLE_MODULES = YES;
				CLANG_ENABLE_OBJC_ARC = YES;
				CLANG_ENABLE_OBJC_WEAK = YES;
				CLANG_WARN_BLOCK_CAPTURE_AUTORELEASING = YES;
				CLANG_WARN_BOOL_CONVERSION = YES;
				CLANG_WARN_COMMA = YES;
				CLANG_WARN_CONSTANT_CONVERSION = YES;
				CLANG_WARN_DEPRECATED_OBJC_IMPLEMENTATIONS = YES;
				CLANG_WARN_DIRECT_OBJC_ISA_USAGE = YES_ERROR;
				CLANG_WARN_DOCUMENTATION_COMMENTS = YES;
				CLANG_WARN_EMPTY_BODY = YES;
				CLANG_WARN_ENUM_CONVERSION = YES;
				CLANG_WARN_INFINITE_RECURSION = YES;
				CLANG_WARN_INT_CONVERSION = YES;
				CLANG_WARN_NON_LITERAL_NULL_CONVERSION = YES;
				CLANG_WARN_OBJC_IMPLICIT_RETAIN_SELF = YES;
				CLANG_WARN_OBJC_LITERAL_CONVERSION = YES;
				CLANG_WARN_OBJC_ROOT_CLASS = YES_ERROR;
				CLANG_WARN_RANGE_LOOP_ANALYSIS = YES;
				CLANG_WARN_STRICT_PROTOTYPES = YES;
				CLANG_WARN_SUSPICIOUS_MOVE = YES;
				CLANG_WARN_UNGUARDED_AVAILABILITY = YES_AGGRESSIVE;
				CLANG_WARN_UNREACHABLE_CODE = YES;
				CLANG_WARN__DUPLICATE_METHOD_MATCH = YES;
				CODE_SIGN_IDENTITY = "iPhone Developer";
				COPY_PHASE_STRIP = NO;
				DEBUG_INFORMATION_FORMAT = dwarf;
				ENABLE_STRICT_OBJC_MSGSEND = YES;
				ENABLE_TESTABILITY = YES;
				GCC_C_LANGUAGE_STANDARD = gnu11;
				GCC_DYNAMIC_NO_PIC = NO;
				GCC_NO_COMMON_BLOCKS = YES;
				GCC_OPTIMIZATION_LEVEL = 0;
				GCC_PREPROCESSOR_DEFINITIONS = (
					"DEBUG=1",
					"$(inherited)",
				);
				GCC_WARN_64_TO_32_BIT_CONVERSION = YES;
				GCC_WARN_ABOUT_RETURN_TYPE = YES_ERROR;
				GCC_WARN_UNDECLARED_SELECTOR = YES;
				GCC_WARN_UNINITIALIZED_AUTOS = YES_AGGRESSIVE;
				GCC_WARN_UNUSED_FUNCTION = YES;
				GCC_WARN_UNUSED_VARIABLE = YES;
				IPHONEOS_DEPLOYMENT_TARGET = 12.1;
				MTL_ENABLE_DEBUG_INFO = INCLUDE_SOURCE;
				MTL_FAST_MATH = YES;
				ONLY_ACTIVE_ARCH = YES;
				SDKROOT = iphoneos;
				SWIFT_ACTIVE_COMPILATION_CONDITIONS = DEBUG;
				SWIFT_OPTIMIZATION_LEVEL = "-Onone";
			};
			name = Debug;
		};
		C8B188E42402B14600CFEE98 /* Release */ = {
			isa = XCBuildConfiguration;
			buildSettings = {
				ALWAYS_SEARCH_USER_PATHS = NO;
				CLANG_ANALYZER_LOCALIZABILITY_NONLOCALIZED = YES;
				CLANG_ANALYZER_NONNULL = YES;
				CLANG_ANALYZER_NUMBER_OBJECT_CONVERSION = YES_AGGRESSIVE;
				CLANG_CXX_LANGUAGE_STANDARD = "gnu++14";
				CLANG_CXX_LIBRARY = "libc++";
				CLANG_ENABLE_MODULES = YES;
				CLANG_ENABLE_OBJC_ARC = YES;
				CLANG_ENABLE_OBJC_WEAK = YES;
				CLANG_WARN_BLOCK_CAPTURE_AUTORELEASING = YES;
				CLANG_WARN_BOOL_CONVERSION = YES;
				CLANG_WARN_COMMA = YES;
				CLANG_WARN_CONSTANT_CONVERSION = YES;
				CLANG_WARN_DEPRECATED_OBJC_IMPLEMENTATIONS = YES;
				CLANG_WARN_DIRECT_OBJC_ISA_USAGE = YES_ERROR;
				CLANG_WARN_DOCUMENTATION_COMMENTS = YES;
				CLANG_WARN_EMPTY_BODY = YES;
				CLANG_WARN_ENUM_CONVERSION = YES;
				CLANG_WARN_INFINITE_RECURSION = YES;
				CLANG_WARN_INT_CONVERSION = YES;
				CLANG_WARN_NON_LITERAL_NULL_CONVERSION = YES;
				CLANG_WARN_OBJC_IMPLICIT_RETAIN_SELF = YES;
				CLANG_WARN_OBJC_LITERAL_CONVERSION = YES;
				CLANG_WARN_OBJC_ROOT_CLASS = YES_ERROR;
				CLANG_WARN_RANGE_LOOP_ANALYSIS = YES;
				CLANG_WARN_STRICT_PROTOTYPES = YES;
				CLANG_WARN_SUSPICIOUS_MOVE = YES;
				CLANG_WARN_UNGUARDED_AVAILABILITY = YES_AGGRESSIVE;
				CLANG_WARN_UNREACHABLE_CODE = YES;
				CLANG_WARN__DUPLICATE_METHOD_MATCH = YES;
				CODE_SIGN_IDENTITY = "iPhone Developer";
				COPY_PHASE_STRIP = NO;
				DEBUG_INFORMATION_FORMAT = "dwarf-with-dsym";
				ENABLE_NS_ASSERTIONS = NO;
				ENABLE_STRICT_OBJC_MSGSEND = YES;
				GCC_C_LANGUAGE_STANDARD = gnu11;
				GCC_NO_COMMON_BLOCKS = YES;
				GCC_WARN_64_TO_32_BIT_CONVERSION = YES;
				GCC_WARN_ABOUT_RETURN_TYPE = YES_ERROR;
				GCC_WARN_UNDECLARED_SELECTOR = YES;
				GCC_WARN_UNINITIALIZED_AUTOS = YES_AGGRESSIVE;
				GCC_WARN_UNUSED_FUNCTION = YES;
				GCC_WARN_UNUSED_VARIABLE = YES;
				IPHONEOS_DEPLOYMENT_TARGET = 12.1;
				MTL_ENABLE_DEBUG_INFO = NO;
				MTL_FAST_MATH = YES;
				SDKROOT = iphoneos;
				SWIFT_COMPILATION_MODE = wholemodule;
				SWIFT_OPTIMIZATION_LEVEL = "-O";
				VALIDATE_PRODUCT = YES;
			};
			name = Release;
		};
		C8B188E62402B14600CFEE98 /* Debug */ = {
			isa = XCBuildConfiguration;
			buildSettings = {
				ASSETCATALOG_COMPILER_APPICON_NAME = AppIcon;
				CODE_SIGN_IDENTITY = "Apple Development";
				CODE_SIGN_STYLE = Automatic;
				DEVELOPMENT_ASSET_PATHS = "";
				DEVELOPMENT_TEAM = G98YG7LCA8;
				INFOPLIST_FILE = "Coronavirus Herd Immunity/Info.plist";
				LD_RUNPATH_SEARCH_PATHS = (
					"$(inherited)",
					"@executable_path/Frameworks",
				);
				PRODUCT_BUNDLE_IDENTIFIER = "org.ios.Coronavirus-Herd-Immunity";
				PRODUCT_NAME = "$(TARGET_NAME)";
				PROVISIONING_PROFILE_SPECIFIER = "";
				SWIFT_VERSION = 4.2;
				TARGETED_DEVICE_FAMILY = 1;
			};
			name = Debug;
		};
		C8B188E72402B14600CFEE98 /* Release */ = {
			isa = XCBuildConfiguration;
			buildSettings = {
				ASSETCATALOG_COMPILER_APPICON_NAME = AppIcon;
				CODE_SIGN_IDENTITY = "Apple Development";
				CODE_SIGN_STYLE = Automatic;
				DEVELOPMENT_ASSET_PATHS = "";
				DEVELOPMENT_TEAM = G98YG7LCA8;
				INFOPLIST_FILE = "Coronavirus Herd Immunity/Info.plist";
				LD_RUNPATH_SEARCH_PATHS = (
					"$(inherited)",
					"@executable_path/Frameworks",
				);
				PRODUCT_BUNDLE_IDENTIFIER = "org.ios.Coronavirus-Herd-Immunity";
				PRODUCT_NAME = "$(TARGET_NAME)";
				PROVISIONING_PROFILE_SPECIFIER = "";
				SWIFT_VERSION = 4.2;
				TARGETED_DEVICE_FAMILY = 1;
			};
			name = Release;
		};
/* End XCBuildConfiguration section */

/* Begin XCConfigurationList section */
		C8B188CE2402B14400CFEE98 /* Build configuration list for PBXProject "Coronavirus Herd Immunity" */ = {
			isa = XCConfigurationList;
			buildConfigurations = (
				C8B188E32402B14600CFEE98 /* Debug */,
				C8B188E42402B14600CFEE98 /* Release */,
			);
			defaultConfigurationIsVisible = 0;
			defaultConfigurationName = Release;
		};
		C8B188E52402B14600CFEE98 /* Build configuration list for PBXNativeTarget "Coronavirus Herd Immunity" */ = {
			isa = XCConfigurationList;
			buildConfigurations = (
				C8B188E62402B14600CFEE98 /* Debug */,
				C8B188E72402B14600CFEE98 /* Release */,
			);
			defaultConfigurationIsVisible = 0;
			defaultConfigurationName = Release;
		};
/* End XCConfigurationList section */

/* Begin XCVersionGroup section */
		C8A32570240A759300FF1620 /* Models.xcdatamodeld */ = {
			isa = XCVersionGroup;
			children = (
				C8A32571240A759300FF1620 /* Models.xcdatamodel */,
			);
			currentVersion = C8A32571240A759300FF1620 /* Models.xcdatamodel */;
			path = Models.xcdatamodeld;
			sourceTree = "<group>";
			versionGroupType = wrapper.xcdatamodel;
		};
/* End XCVersionGroup section */
	};
	rootObject = C8B188CB2402B14400CFEE98 /* Project object */;
}
